
Microsoft Visual Studio Solution File, Format Version 12.00
# Visual Studio Version 17
VisualStudioVersion = 17.7.34202.233
MinimumVisualStudioVersion = 10.0.40219.1
Project("{FAE04EC0-301F-11D3-BF4B-00C04F79EFBC}") = "C#AndMySQL", "C#AndMySQL\C#AndMySQL.csproj", "{60B3D97E-FC93-49E0-A845-4EC6FC6B22ED}"
EndProject
Global
	GlobalSection(SolutionConfigurationPlatforms) = preSolution
		Debug|Any CPU = Debug|Any CPU
		Release|Any CPU = Release|Any CPU
	EndGlobalSection
	GlobalSection(ProjectConfigurationPlatforms) = postSolution
		{60B3D97E-FC93-49E0-A845-4EC6FC6B22ED}.Debug|Any CPU.ActiveCfg = Debug|Any CPU
		{60B3D97E-FC93-49E0-A845-4EC6FC6B22ED}.Debug|Any CPU.Build.0 = Debug|Any CPU
		{60B3D97E-FC93-49E0-A845-4EC6FC6B22ED}.Release|Any CPU.ActiveCfg = Release|Any CPU
		{60B3D97E-FC93-49E0-A845-4EC6FC6B22ED}.Release|Any CPU.Build.0 = Release|Any CPU
	EndGlobalSection
	GlobalSection(SolutionProperties) = preSolution
		HideSolutionNode = FALSE
	EndGlobalSection
	GlobalSection(ExtensibilityGlobals) = postSolution
		SolutionGuid = {BAFF11D4-368E-4E2B-BECC-E886C9546F02}
	EndGlobalSection
EndGlobal
